<?xml version="1.0" encoding="utf-8"?>
<Project ToolsVersion="17.0" xmlns="http://schemas.microsoft.com/developer/msbuild/2003">
  <ItemGroup>
    <ClCompile Include="C:\Users\user\Desktop\Syntetika Project\Syntetika Studio\libs\psmove\psmove_dummy.c">
      <Filter>Source Files</Filter>
    </ClCompile>
  </ItemGroup>
  <ItemGroup>
    <ClInclude Include="C:\Users\user\Desktop\Syntetika Project\Syntetika Studio\libs\psmove\hidapi.h">
      <Filter>Header Files</Filter>
    </ClInclude>
    <ClInclude Include="C:\Users\user\Desktop\Syntetika Project\Syntetika Studio\libs\psmove\include\psmove\psmove.h">
      <Filter>Header Files</Filter>
    </ClInclude>
  </ItemGroup>
  <ItemGroup>
    <CustomBuild Include="C:\Users\user\Desktop\Syntetika Project\Syntetika Studio\libs\psmove\CMakeLists.txt" />
  </ItemGroup>
  <ItemGroup>
    <Filter Include="Header Files">
      <UniqueIdentifier>{5F99301C-B387-3ABD-85B2-6E88BD6DB226}</UniqueIdentifier>
    </Filter>
    <Filter Include="Source Files">
      <UniqueIdentifier>{76D3A91B-AE74-392F-89C0-DBC128283969}</UniqueIdentifier>
    </Filter>
  </ItemGroup>
</Project>
