
Microsoft Visual Studio Solution File, Format Version 12.00
# Visual Studio Version 17
Project("{2150E333-8FDC-42A3-9474-1A3956D46DE8}") = "CMakePredefinedTargets", "CMakePredefinedTargets", "{0B6E5143-308C-3C2A-9B5F-A109F473BE4D}"
EndProject
Project("{8BC9CEB8-8B4A-11D0-8D11-00A0C91BC942}") = "ALL_BUILD", "ALL_BUILD.vcxproj", "{F932228A-5E2F-3D22-AD2C-154A0AEEB6EA}"
	ProjectSection(ProjectDependencies) = postProject
		{C989FF39-03D9-32A5-9B47-5D0772A0D879} = {C989FF39-03D9-32A5-9B47-5D0772A0D879}
		{A770481F-15BC-337E-9EBF-9D04ECD6D4EF} = {A770481F-15BC-337E-9EBF-9D04ECD6D4EF}
	EndProjectSection
EndProject
Project("{8BC9CEB8-8B4A-11D0-8D11-00A0C91BC942}") = "INSTALL", "INSTALL.vcxproj", "{00F39EFA-385A-3697-930B-B1258DD803EC}"
	ProjectSection(ProjectDependencies) = postProject
		{F932228A-5E2F-3D22-AD2C-154A0AEEB6EA} = {F932228A-5E2F-3D22-AD2C-154A0AEEB6EA}
		{C989FF39-03D9-32A5-9B47-5D0772A0D879} = {C989FF39-03D9-32A5-9B47-5D0772A0D879}
	EndProjectSection
EndProject
Project("{8BC9CEB8-8B4A-11D0-8D11-00A0C91BC942}") = "ZERO_CHECK", "ZERO_CHECK.vcxproj", "{C989FF39-03D9-32A5-9B47-5D0772A0D879}"
	ProjectSection(ProjectDependencies) = postProject
	EndProjectSection
EndProject
Project("{8BC9CEB8-8B4A-11D0-8D11-00A0C91BC942}") = "juceaide", "extras\Build\juceaide\juceaide.vcxproj", "{A770481F-15BC-337E-9EBF-9D04ECD6D4EF}"
	ProjectSection(ProjectDependencies) = postProject
		{C989FF39-03D9-32A5-9B47-5D0772A0D879} = {C989FF39-03D9-32A5-9B47-5D0772A0D879}
	EndProjectSection
EndProject
Global
	GlobalSection(SolutionConfigurationPlatforms) = preSolution
		Debug|x64 = Debug|x64
		Release|x64 = Release|x64
		MinSizeRel|x64 = MinSizeRel|x64
		RelWithDebInfo|x64 = RelWithDebInfo|x64
	EndGlobalSection
	GlobalSection(ProjectConfigurationPlatforms) = postSolution
		{F932228A-5E2F-3D22-AD2C-154A0AEEB6EA}.Debug|x64.ActiveCfg = Debug|x64
		{F932228A-5E2F-3D22-AD2C-154A0AEEB6EA}.Debug|x64.Build.0 = Debug|x64
		{F932228A-5E2F-3D22-AD2C-154A0AEEB6EA}.Release|x64.ActiveCfg = Release|x64
		{F932228A-5E2F-3D22-AD2C-154A0AEEB6EA}.Release|x64.Build.0 = Release|x64
		{F932228A-5E2F-3D22-AD2C-154A0AEEB6EA}.MinSizeRel|x64.ActiveCfg = MinSizeRel|x64
		{F932228A-5E2F-3D22-AD2C-154A0AEEB6EA}.MinSizeRel|x64.Build.0 = MinSizeRel|x64
		{F932228A-5E2F-3D22-AD2C-154A0AEEB6EA}.RelWithDebInfo|x64.ActiveCfg = RelWithDebInfo|x64
		{F932228A-5E2F-3D22-AD2C-154A0AEEB6EA}.RelWithDebInfo|x64.Build.0 = RelWithDebInfo|x64
		{00F39EFA-385A-3697-930B-B1258DD803EC}.Debug|x64.ActiveCfg = Debug|x64
		{00F39EFA-385A-3697-930B-B1258DD803EC}.Release|x64.ActiveCfg = Release|x64
		{00F39EFA-385A-3697-930B-B1258DD803EC}.MinSizeRel|x64.ActiveCfg = MinSizeRel|x64
		{00F39EFA-385A-3697-930B-B1258DD803EC}.RelWithDebInfo|x64.ActiveCfg = RelWithDebInfo|x64
		{C989FF39-03D9-32A5-9B47-5D0772A0D879}.Debug|x64.ActiveCfg = Debug|x64
		{C989FF39-03D9-32A5-9B47-5D0772A0D879}.Debug|x64.Build.0 = Debug|x64
		{C989FF39-03D9-32A5-9B47-5D0772A0D879}.Release|x64.ActiveCfg = Release|x64
		{C989FF39-03D9-32A5-9B47-5D0772A0D879}.Release|x64.Build.0 = Release|x64
		{C989FF39-03D9-32A5-9B47-5D0772A0D879}.MinSizeRel|x64.ActiveCfg = MinSizeRel|x64
		{C989FF39-03D9-32A5-9B47-5D0772A0D879}.MinSizeRel|x64.Build.0 = MinSizeRel|x64
		{C989FF39-03D9-32A5-9B47-5D0772A0D879}.RelWithDebInfo|x64.ActiveCfg = RelWithDebInfo|x64
		{C989FF39-03D9-32A5-9B47-5D0772A0D879}.RelWithDebInfo|x64.Build.0 = RelWithDebInfo|x64
		{A770481F-15BC-337E-9EBF-9D04ECD6D4EF}.Debug|x64.ActiveCfg = Debug|x64
		{A770481F-15BC-337E-9EBF-9D04ECD6D4EF}.Debug|x64.Build.0 = Debug|x64
		{A770481F-15BC-337E-9EBF-9D04ECD6D4EF}.Release|x64.ActiveCfg = Release|x64
		{A770481F-15BC-337E-9EBF-9D04ECD6D4EF}.Release|x64.Build.0 = Release|x64
		{A770481F-15BC-337E-9EBF-9D04ECD6D4EF}.MinSizeRel|x64.ActiveCfg = MinSizeRel|x64
		{A770481F-15BC-337E-9EBF-9D04ECD6D4EF}.MinSizeRel|x64.Build.0 = MinSizeRel|x64
		{A770481F-15BC-337E-9EBF-9D04ECD6D4EF}.RelWithDebInfo|x64.ActiveCfg = RelWithDebInfo|x64
		{A770481F-15BC-337E-9EBF-9D04ECD6D4EF}.RelWithDebInfo|x64.Build.0 = RelWithDebInfo|x64
	EndGlobalSection
	GlobalSection(NestedProjects) = preSolution
		{F932228A-5E2F-3D22-AD2C-154A0AEEB6EA} = {0B6E5143-308C-3C2A-9B5F-A109F473BE4D}
		{00F39EFA-385A-3697-930B-B1258DD803EC} = {0B6E5143-308C-3C2A-9B5F-A109F473BE4D}
		{C989FF39-03D9-32A5-9B47-5D0772A0D879} = {0B6E5143-308C-3C2A-9B5F-A109F473BE4D}
	EndGlobalSection
	GlobalSection(ExtensibilityGlobals) = postSolution
		SolutionGuid = {E3D43326-852E-3CBA-8B88-125A8F5FB586}
	EndGlobalSection
	GlobalSection(ExtensibilityAddIns) = postSolution
	EndGlobalSection
EndGlobal
