<?xml version="1.0" encoding="utf-8"?>
<Project ToolsVersion="17.0" xmlns="http://schemas.microsoft.com/developer/msbuild/2003">
  <ItemGroup>
    <CustomBuild Include="C:\Users\user\Desktop\Syntetika Project\Syntetika Studio\build2\JUCE\tools\CMakeFiles\8ed09cb4ef2c94c2e1692ad5d9bcc8b7\generate.stamp.rule">
      <Filter>CMake Rules</Filter>
    </CustomBuild>
  </ItemGroup>
  <ItemGroup>
    <Filter Include="CMake Rules">
      <UniqueIdentifier>{06A1B698-CAEB-373E-9064-11E0C4EAC9DE}</UniqueIdentifier>
    </Filter>
  </ItemGroup>
</Project>
