
Microsoft Visual Studio Solution File, Format Version 12.00
# Visual Studio Version 17
Project("{2150E333-8FDC-42A3-9474-1A3956D46DE8}") = "CMakePredefinedTargets", "CMakePredefinedTargets", "{FE874C05-8DC8-37F3-8D94-246914ED8A34}"
EndProject
Project("{8BC9CEB8-8B4A-11D0-8D11-00A0C91BC942}") = "Syntetika", "Source\Syntetika.vcxproj", "{FAEED950-FBE5-3E5D-8E40-57275A91547E}"
	ProjectSection(ProjectDependencies) = postProject
		{743EB5E4-885A-3733-9B4C-9EBD938B6C15} = {743EB5E4-885A-3733-9B4C-9EBD938B6C15}
		{78E17862-8DC0-3BEB-AEB1-91F41D327D8A} = {78E17862-8DC0-3BEB-AEB1-91F41D327D8A}
		{D7EC6502-E4FB-39DB-91E5-068258F1C334} = {D7EC6502-E4FB-39DB-91E5-068258F1C334}
		{A1864631-839E-3964-9AA7-4613B307DE75} = {A1864631-839E-3964-9AA7-4613B307DE75}
		{52A21871-3A2C-3D9D-A580-C0D7C2F445DE} = {52A21871-3A2C-3D9D-A580-C0D7C2F445DE}
		{A9733D76-8803-30DD-980C-C6A6F741F055} = {A9733D76-8803-30DD-980C-C6A6F741F055}
		{17D169C1-F6DE-3CC9-B464-6D344C82C984} = {17D169C1-F6DE-3CC9-B464-6D344C82C984}
		{7B020656-2357-3EC7-9509-5F5828DAAE2D} = {7B020656-2357-3EC7-9509-5F5828DAAE2D}
		{A86E4228-52C6-3900-9C5A-3772EFD87766} = {A86E4228-52C6-3900-9C5A-3772EFD87766}
		{DBE96AA9-7D63-35F4-8D50-265FC249C377} = {DBE96AA9-7D63-35F4-8D50-265FC249C377}
		{1CB966E7-ADFC-3274-A566-C3033BDC454F} = {1CB966E7-ADFC-3274-A566-C3033BDC454F}
	EndProjectSection
EndProject
Project("{8BC9CEB8-8B4A-11D0-8D11-00A0C91BC942}") = "ALL_BUILD", "ALL_BUILD.vcxproj", "{0720749F-790A-366D-A26F-BEC7A81DC272}"
	ProjectSection(ProjectDependencies) = postProject
		{FAEED950-FBE5-3E5D-8E40-57275A91547E} = {FAEED950-FBE5-3E5D-8E40-57275A91547E}
		{743EB5E4-885A-3733-9B4C-9EBD938B6C15} = {743EB5E4-885A-3733-9B4C-9EBD938B6C15}
		{78E17862-8DC0-3BEB-AEB1-91F41D327D8A} = {78E17862-8DC0-3BEB-AEB1-91F41D327D8A}
	EndProjectSection
EndProject
Project("{8BC9CEB8-8B4A-11D0-8D11-00A0C91BC942}") = "INSTALL", "INSTALL.vcxproj", "{01C0F3DA-DEE9-31F7-B0A4-EB63818EC5A3}"
	ProjectSection(ProjectDependencies) = postProject
		{0720749F-790A-366D-A26F-BEC7A81DC272} = {0720749F-790A-366D-A26F-BEC7A81DC272}
		{78E17862-8DC0-3BEB-AEB1-91F41D327D8A} = {78E17862-8DC0-3BEB-AEB1-91F41D327D8A}
	EndProjectSection
EndProject
Project("{8BC9CEB8-8B4A-11D0-8D11-00A0C91BC942}") = "PACKAGE", "PACKAGE.vcxproj", "{756294F2-CA4A-3020-80B3-FA74159FAF47}"
	ProjectSection(ProjectDependencies) = postProject
		{0720749F-790A-366D-A26F-BEC7A81DC272} = {0720749F-790A-366D-A26F-BEC7A81DC272}
		{78E17862-8DC0-3BEB-AEB1-91F41D327D8A} = {78E17862-8DC0-3BEB-AEB1-91F41D327D8A}
	EndProjectSection
EndProject
Project("{8BC9CEB8-8B4A-11D0-8D11-00A0C91BC942}") = "Syntetika_rc_lib", "Source\Syntetika_rc_lib.vcxproj", "{743EB5E4-885A-3733-9B4C-9EBD938B6C15}"
	ProjectSection(ProjectDependencies) = postProject
		{78E17862-8DC0-3BEB-AEB1-91F41D327D8A} = {78E17862-8DC0-3BEB-AEB1-91F41D327D8A}
	EndProjectSection
EndProject
Project("{8BC9CEB8-8B4A-11D0-8D11-00A0C91BC942}") = "ZERO_CHECK", "ZERO_CHECK.vcxproj", "{78E17862-8DC0-3BEB-AEB1-91F41D327D8A}"
	ProjectSection(ProjectDependencies) = postProject
	EndProjectSection
EndProject
Project("{8BC9CEB8-8B4A-11D0-8D11-00A0C91BC942}") = "code-quality-pipeline-checks", "Source\code-quality-pipeline-checks.vcxproj", "{C098C227-ADA2-33F3-A86A-2851A587962C}"
	ProjectSection(ProjectDependencies) = postProject
		{78E17862-8DC0-3BEB-AEB1-91F41D327D8A} = {78E17862-8DC0-3BEB-AEB1-91F41D327D8A}
	EndProjectSection
EndProject
Project("{8BC9CEB8-8B4A-11D0-8D11-00A0C91BC942}") = "exprtk", "libs\exprtk\exprtk.vcxproj", "{D7EC6502-E4FB-39DB-91E5-068258F1C334}"
	ProjectSection(ProjectDependencies) = postProject
		{78E17862-8DC0-3BEB-AEB1-91F41D327D8A} = {78E17862-8DC0-3BEB-AEB1-91F41D327D8A}
	EndProjectSection
EndProject
Project("{8BC9CEB8-8B4A-11D0-8D11-00A0C91BC942}") = "freeverb", "libs\freeverb\freeverb.vcxproj", "{A1864631-839E-3964-9AA7-4613B307DE75}"
	ProjectSection(ProjectDependencies) = postProject
		{78E17862-8DC0-3BEB-AEB1-91F41D327D8A} = {78E17862-8DC0-3BEB-AEB1-91F41D327D8A}
	EndProjectSection
EndProject
Project("{8BC9CEB8-8B4A-11D0-8D11-00A0C91BC942}") = "json", "libs\json\json.vcxproj", "{52A21871-3A2C-3D9D-A580-C0D7C2F445DE}"
	ProjectSection(ProjectDependencies) = postProject
		{78E17862-8DC0-3BEB-AEB1-91F41D327D8A} = {78E17862-8DC0-3BEB-AEB1-91F41D327D8A}
	EndProjectSection
EndProject
Project("{8BC9CEB8-8B4A-11D0-8D11-00A0C91BC942}") = "nanovg", "libs\nanovg\nanovg.vcxproj", "{A9733D76-8803-30DD-980C-C6A6F741F055}"
	ProjectSection(ProjectDependencies) = postProject
		{78E17862-8DC0-3BEB-AEB1-91F41D327D8A} = {78E17862-8DC0-3BEB-AEB1-91F41D327D8A}
	EndProjectSection
EndProject
Project("{8BC9CEB8-8B4A-11D0-8D11-00A0C91BC942}") = "nightly-package", "Source\nightly-package.vcxproj", "{7CB2E0B5-AA54-3911-973B-879CEAC305E7}"
	ProjectSection(ProjectDependencies) = postProject
		{FAEED950-FBE5-3E5D-8E40-57275A91547E} = {FAEED950-FBE5-3E5D-8E40-57275A91547E}
		{78E17862-8DC0-3BEB-AEB1-91F41D327D8A} = {78E17862-8DC0-3BEB-AEB1-91F41D327D8A}
	EndProjectSection
EndProject
Project("{8BC9CEB8-8B4A-11D0-8D11-00A0C91BC942}") = "oddsound-mts", "libs\oddsound-mts\oddsound-mts.vcxproj", "{17D169C1-F6DE-3CC9-B464-6D344C82C984}"
	ProjectSection(ProjectDependencies) = postProject
		{78E17862-8DC0-3BEB-AEB1-91F41D327D8A} = {78E17862-8DC0-3BEB-AEB1-91F41D327D8A}
	EndProjectSection
EndProject
Project("{8BC9CEB8-8B4A-11D0-8D11-00A0C91BC942}") = "psmove", "libs\psmove\psmove.vcxproj", "{7B020656-2357-3EC7-9509-5F5828DAAE2D}"
	ProjectSection(ProjectDependencies) = postProject
		{78E17862-8DC0-3BEB-AEB1-91F41D327D8A} = {78E17862-8DC0-3BEB-AEB1-91F41D327D8A}
	EndProjectSection
EndProject
Project("{8BC9CEB8-8B4A-11D0-8D11-00A0C91BC942}") = "push2", "libs\push2\push2.vcxproj", "{A86E4228-52C6-3900-9C5A-3772EFD87766}"
	ProjectSection(ProjectDependencies) = postProject
		{78E17862-8DC0-3BEB-AEB1-91F41D327D8A} = {78E17862-8DC0-3BEB-AEB1-91F41D327D8A}
	EndProjectSection
EndProject
Project("{8BC9CEB8-8B4A-11D0-8D11-00A0C91BC942}") = "version-info", "Source\version-info.vcxproj", "{DBE96AA9-7D63-35F4-8D50-265FC249C377}"
	ProjectSection(ProjectDependencies) = postProject
		{78E17862-8DC0-3BEB-AEB1-91F41D327D8A} = {78E17862-8DC0-3BEB-AEB1-91F41D327D8A}
	EndProjectSection
EndProject
Project("{8BC9CEB8-8B4A-11D0-8D11-00A0C91BC942}") = "xwax", "libs\xwax\xwax.vcxproj", "{1CB966E7-ADFC-3274-A566-C3033BDC454F}"
	ProjectSection(ProjectDependencies) = postProject
		{78E17862-8DC0-3BEB-AEB1-91F41D327D8A} = {78E17862-8DC0-3BEB-AEB1-91F41D327D8A}
	EndProjectSection
EndProject
Global
	GlobalSection(SolutionConfigurationPlatforms) = preSolution
		Debug|x64 = Debug|x64
		Release|x64 = Release|x64
		MinSizeRel|x64 = MinSizeRel|x64
		RelWithDebInfo|x64 = RelWithDebInfo|x64
	EndGlobalSection
	GlobalSection(ProjectConfigurationPlatforms) = postSolution
		{FAEED950-FBE5-3E5D-8E40-57275A91547E}.Debug|x64.ActiveCfg = Debug|x64
		{FAEED950-FBE5-3E5D-8E40-57275A91547E}.Debug|x64.Build.0 = Debug|x64
		{FAEED950-FBE5-3E5D-8E40-57275A91547E}.Release|x64.ActiveCfg = Release|x64
		{FAEED950-FBE5-3E5D-8E40-57275A91547E}.Release|x64.Build.0 = Release|x64
		{FAEED950-FBE5-3E5D-8E40-57275A91547E}.MinSizeRel|x64.ActiveCfg = MinSizeRel|x64
		{FAEED950-FBE5-3E5D-8E40-57275A91547E}.MinSizeRel|x64.Build.0 = MinSizeRel|x64
		{FAEED950-FBE5-3E5D-8E40-57275A91547E}.RelWithDebInfo|x64.ActiveCfg = RelWithDebInfo|x64
		{FAEED950-FBE5-3E5D-8E40-57275A91547E}.RelWithDebInfo|x64.Build.0 = RelWithDebInfo|x64
		{0720749F-790A-366D-A26F-BEC7A81DC272}.Debug|x64.ActiveCfg = Debug|x64
		{0720749F-790A-366D-A26F-BEC7A81DC272}.Debug|x64.Build.0 = Debug|x64
		{0720749F-790A-366D-A26F-BEC7A81DC272}.Release|x64.ActiveCfg = Release|x64
		{0720749F-790A-366D-A26F-BEC7A81DC272}.Release|x64.Build.0 = Release|x64
		{0720749F-790A-366D-A26F-BEC7A81DC272}.MinSizeRel|x64.ActiveCfg = MinSizeRel|x64
		{0720749F-790A-366D-A26F-BEC7A81DC272}.MinSizeRel|x64.Build.0 = MinSizeRel|x64
		{0720749F-790A-366D-A26F-BEC7A81DC272}.RelWithDebInfo|x64.ActiveCfg = RelWithDebInfo|x64
		{0720749F-790A-366D-A26F-BEC7A81DC272}.RelWithDebInfo|x64.Build.0 = RelWithDebInfo|x64
		{01C0F3DA-DEE9-31F7-B0A4-EB63818EC5A3}.Debug|x64.ActiveCfg = Debug|x64
		{01C0F3DA-DEE9-31F7-B0A4-EB63818EC5A3}.Release|x64.ActiveCfg = Release|x64
		{01C0F3DA-DEE9-31F7-B0A4-EB63818EC5A3}.MinSizeRel|x64.ActiveCfg = MinSizeRel|x64
		{01C0F3DA-DEE9-31F7-B0A4-EB63818EC5A3}.RelWithDebInfo|x64.ActiveCfg = RelWithDebInfo|x64
		{756294F2-CA4A-3020-80B3-FA74159FAF47}.Debug|x64.ActiveCfg = Debug|x64
		{756294F2-CA4A-3020-80B3-FA74159FAF47}.Release|x64.ActiveCfg = Release|x64
		{756294F2-CA4A-3020-80B3-FA74159FAF47}.MinSizeRel|x64.ActiveCfg = MinSizeRel|x64
		{756294F2-CA4A-3020-80B3-FA74159FAF47}.RelWithDebInfo|x64.ActiveCfg = RelWithDebInfo|x64
		{743EB5E4-885A-3733-9B4C-9EBD938B6C15}.Debug|x64.ActiveCfg = Debug|x64
		{743EB5E4-885A-3733-9B4C-9EBD938B6C15}.Debug|x64.Build.0 = Debug|x64
		{743EB5E4-885A-3733-9B4C-9EBD938B6C15}.Release|x64.ActiveCfg = Release|x64
		{743EB5E4-885A-3733-9B4C-9EBD938B6C15}.Release|x64.Build.0 = Release|x64
		{743EB5E4-885A-3733-9B4C-9EBD938B6C15}.MinSizeRel|x64.ActiveCfg = MinSizeRel|x64
		{743EB5E4-885A-3733-9B4C-9EBD938B6C15}.MinSizeRel|x64.Build.0 = MinSizeRel|x64
		{743EB5E4-885A-3733-9B4C-9EBD938B6C15}.RelWithDebInfo|x64.ActiveCfg = RelWithDebInfo|x64
		{743EB5E4-885A-3733-9B4C-9EBD938B6C15}.RelWithDebInfo|x64.Build.0 = RelWithDebInfo|x64
		{78E17862-8DC0-3BEB-AEB1-91F41D327D8A}.Debug|x64.ActiveCfg = Debug|x64
		{78E17862-8DC0-3BEB-AEB1-91F41D327D8A}.Debug|x64.Build.0 = Debug|x64
		{78E17862-8DC0-3BEB-AEB1-91F41D327D8A}.Release|x64.ActiveCfg = Release|x64
		{78E17862-8DC0-3BEB-AEB1-91F41D327D8A}.Release|x64.Build.0 = Release|x64
		{78E17862-8DC0-3BEB-AEB1-91F41D327D8A}.MinSizeRel|x64.ActiveCfg = MinSizeRel|x64
		{78E17862-8DC0-3BEB-AEB1-91F41D327D8A}.MinSizeRel|x64.Build.0 = MinSizeRel|x64
		{78E17862-8DC0-3BEB-AEB1-91F41D327D8A}.RelWithDebInfo|x64.ActiveCfg = RelWithDebInfo|x64
		{78E17862-8DC0-3BEB-AEB1-91F41D327D8A}.RelWithDebInfo|x64.Build.0 = RelWithDebInfo|x64
		{C098C227-ADA2-33F3-A86A-2851A587962C}.Debug|x64.ActiveCfg = Debug|x64
		{C098C227-ADA2-33F3-A86A-2851A587962C}.Release|x64.ActiveCfg = Release|x64
		{C098C227-ADA2-33F3-A86A-2851A587962C}.MinSizeRel|x64.ActiveCfg = MinSizeRel|x64
		{C098C227-ADA2-33F3-A86A-2851A587962C}.RelWithDebInfo|x64.ActiveCfg = RelWithDebInfo|x64
		{D7EC6502-E4FB-39DB-91E5-068258F1C334}.Debug|x64.ActiveCfg = Debug|x64
		{D7EC6502-E4FB-39DB-91E5-068258F1C334}.Debug|x64.Build.0 = Debug|x64
		{D7EC6502-E4FB-39DB-91E5-068258F1C334}.Release|x64.ActiveCfg = Release|x64
		{D7EC6502-E4FB-39DB-91E5-068258F1C334}.Release|x64.Build.0 = Release|x64
		{D7EC6502-E4FB-39DB-91E5-068258F1C334}.MinSizeRel|x64.ActiveCfg = MinSizeRel|x64
		{D7EC6502-E4FB-39DB-91E5-068258F1C334}.MinSizeRel|x64.Build.0 = MinSizeRel|x64
		{D7EC6502-E4FB-39DB-91E5-068258F1C334}.RelWithDebInfo|x64.ActiveCfg = RelWithDebInfo|x64
		{D7EC6502-E4FB-39DB-91E5-068258F1C334}.RelWithDebInfo|x64.Build.0 = RelWithDebInfo|x64
		{A1864631-839E-3964-9AA7-4613B307DE75}.Debug|x64.ActiveCfg = Debug|x64
		{A1864631-839E-3964-9AA7-4613B307DE75}.Debug|x64.Build.0 = Debug|x64
		{A1864631-839E-3964-9AA7-4613B307DE75}.Release|x64.ActiveCfg = Release|x64
		{A1864631-839E-3964-9AA7-4613B307DE75}.Release|x64.Build.0 = Release|x64
		{A1864631-839E-3964-9AA7-4613B307DE75}.MinSizeRel|x64.ActiveCfg = MinSizeRel|x64
		{A1864631-839E-3964-9AA7-4613B307DE75}.MinSizeRel|x64.Build.0 = MinSizeRel|x64
		{A1864631-839E-3964-9AA7-4613B307DE75}.RelWithDebInfo|x64.ActiveCfg = RelWithDebInfo|x64
		{A1864631-839E-3964-9AA7-4613B307DE75}.RelWithDebInfo|x64.Build.0 = RelWithDebInfo|x64
		{52A21871-3A2C-3D9D-A580-C0D7C2F445DE}.Debug|x64.ActiveCfg = Debug|x64
		{52A21871-3A2C-3D9D-A580-C0D7C2F445DE}.Debug|x64.Build.0 = Debug|x64
		{52A21871-3A2C-3D9D-A580-C0D7C2F445DE}.Release|x64.ActiveCfg = Release|x64
		{52A21871-3A2C-3D9D-A580-C0D7C2F445DE}.Release|x64.Build.0 = Release|x64
		{52A21871-3A2C-3D9D-A580-C0D7C2F445DE}.MinSizeRel|x64.ActiveCfg = MinSizeRel|x64
		{52A21871-3A2C-3D9D-A580-C0D7C2F445DE}.MinSizeRel|x64.Build.0 = MinSizeRel|x64
		{52A21871-3A2C-3D9D-A580-C0D7C2F445DE}.RelWithDebInfo|x64.ActiveCfg = RelWithDebInfo|x64
		{52A21871-3A2C-3D9D-A580-C0D7C2F445DE}.RelWithDebInfo|x64.Build.0 = RelWithDebInfo|x64
		{A9733D76-8803-30DD-980C-C6A6F741F055}.Debug|x64.ActiveCfg = Debug|x64
		{A9733D76-8803-30DD-980C-C6A6F741F055}.Debug|x64.Build.0 = Debug|x64
		{A9733D76-8803-30DD-980C-C6A6F741F055}.Release|x64.ActiveCfg = Release|x64
		{A9733D76-8803-30DD-980C-C6A6F741F055}.Release|x64.Build.0 = Release|x64
		{A9733D76-8803-30DD-980C-C6A6F741F055}.MinSizeRel|x64.ActiveCfg = MinSizeRel|x64
		{A9733D76-8803-30DD-980C-C6A6F741F055}.MinSizeRel|x64.Build.0 = MinSizeRel|x64
		{A9733D76-8803-30DD-980C-C6A6F741F055}.RelWithDebInfo|x64.ActiveCfg = RelWithDebInfo|x64
		{A9733D76-8803-30DD-980C-C6A6F741F055}.RelWithDebInfo|x64.Build.0 = RelWithDebInfo|x64
		{7CB2E0B5-AA54-3911-973B-879CEAC305E7}.Debug|x64.ActiveCfg = Debug|x64
		{7CB2E0B5-AA54-3911-973B-879CEAC305E7}.Release|x64.ActiveCfg = Release|x64
		{7CB2E0B5-AA54-3911-973B-879CEAC305E7}.MinSizeRel|x64.ActiveCfg = MinSizeRel|x64
		{7CB2E0B5-AA54-3911-973B-879CEAC305E7}.RelWithDebInfo|x64.ActiveCfg = RelWithDebInfo|x64
		{17D169C1-F6DE-3CC9-B464-6D344C82C984}.Debug|x64.ActiveCfg = Debug|x64
		{17D169C1-F6DE-3CC9-B464-6D344C82C984}.Debug|x64.Build.0 = Debug|x64
		{17D169C1-F6DE-3CC9-B464-6D344C82C984}.Release|x64.ActiveCfg = Release|x64
		{17D169C1-F6DE-3CC9-B464-6D344C82C984}.Release|x64.Build.0 = Release|x64
		{17D169C1-F6DE-3CC9-B464-6D344C82C984}.MinSizeRel|x64.ActiveCfg = MinSizeRel|x64
		{17D169C1-F6DE-3CC9-B464-6D344C82C984}.MinSizeRel|x64.Build.0 = MinSizeRel|x64
		{17D169C1-F6DE-3CC9-B464-6D344C82C984}.RelWithDebInfo|x64.ActiveCfg = RelWithDebInfo|x64
		{17D169C1-F6DE-3CC9-B464-6D344C82C984}.RelWithDebInfo|x64.Build.0 = RelWithDebInfo|x64
		{7B020656-2357-3EC7-9509-5F5828DAAE2D}.Debug|x64.ActiveCfg = Debug|x64
		{7B020656-2357-3EC7-9509-5F5828DAAE2D}.Debug|x64.Build.0 = Debug|x64
		{7B020656-2357-3EC7-9509-5F5828DAAE2D}.Release|x64.ActiveCfg = Release|x64
		{7B020656-2357-3EC7-9509-5F5828DAAE2D}.Release|x64.Build.0 = Release|x64
		{7B020656-2357-3EC7-9509-5F5828DAAE2D}.MinSizeRel|x64.ActiveCfg = MinSizeRel|x64
		{7B020656-2357-3EC7-9509-5F5828DAAE2D}.MinSizeRel|x64.Build.0 = MinSizeRel|x64
		{7B020656-2357-3EC7-9509-5F5828DAAE2D}.RelWithDebInfo|x64.ActiveCfg = RelWithDebInfo|x64
		{7B020656-2357-3EC7-9509-5F5828DAAE2D}.RelWithDebInfo|x64.Build.0 = RelWithDebInfo|x64
		{A86E4228-52C6-3900-9C5A-3772EFD87766}.Debug|x64.ActiveCfg = Debug|x64
		{A86E4228-52C6-3900-9C5A-3772EFD87766}.Debug|x64.Build.0 = Debug|x64
		{A86E4228-52C6-3900-9C5A-3772EFD87766}.Release|x64.ActiveCfg = Release|x64
		{A86E4228-52C6-3900-9C5A-3772EFD87766}.Release|x64.Build.0 = Release|x64
		{A86E4228-52C6-3900-9C5A-3772EFD87766}.MinSizeRel|x64.ActiveCfg = MinSizeRel|x64
		{A86E4228-52C6-3900-9C5A-3772EFD87766}.MinSizeRel|x64.Build.0 = MinSizeRel|x64
		{A86E4228-52C6-3900-9C5A-3772EFD87766}.RelWithDebInfo|x64.ActiveCfg = RelWithDebInfo|x64
		{A86E4228-52C6-3900-9C5A-3772EFD87766}.RelWithDebInfo|x64.Build.0 = RelWithDebInfo|x64
		{DBE96AA9-7D63-35F4-8D50-265FC249C377}.Debug|x64.ActiveCfg = Debug|x64
		{DBE96AA9-7D63-35F4-8D50-265FC249C377}.Debug|x64.Build.0 = Debug|x64
		{DBE96AA9-7D63-35F4-8D50-265FC249C377}.Release|x64.ActiveCfg = Release|x64
		{DBE96AA9-7D63-35F4-8D50-265FC249C377}.Release|x64.Build.0 = Release|x64
		{DBE96AA9-7D63-35F4-8D50-265FC249C377}.MinSizeRel|x64.ActiveCfg = MinSizeRel|x64
		{DBE96AA9-7D63-35F4-8D50-265FC249C377}.MinSizeRel|x64.Build.0 = MinSizeRel|x64
		{DBE96AA9-7D63-35F4-8D50-265FC249C377}.RelWithDebInfo|x64.ActiveCfg = RelWithDebInfo|x64
		{DBE96AA9-7D63-35F4-8D50-265FC249C377}.RelWithDebInfo|x64.Build.0 = RelWithDebInfo|x64
		{1CB966E7-ADFC-3274-A566-C3033BDC454F}.Debug|x64.ActiveCfg = Debug|x64
		{1CB966E7-ADFC-3274-A566-C3033BDC454F}.Debug|x64.Build.0 = Debug|x64
		{1CB966E7-ADFC-3274-A566-C3033BDC454F}.Release|x64.ActiveCfg = Release|x64
		{1CB966E7-ADFC-3274-A566-C3033BDC454F}.Release|x64.Build.0 = Release|x64
		{1CB966E7-ADFC-3274-A566-C3033BDC454F}.MinSizeRel|x64.ActiveCfg = MinSizeRel|x64
		{1CB966E7-ADFC-3274-A566-C3033BDC454F}.MinSizeRel|x64.Build.0 = MinSizeRel|x64
		{1CB966E7-ADFC-3274-A566-C3033BDC454F}.RelWithDebInfo|x64.ActiveCfg = RelWithDebInfo|x64
		{1CB966E7-ADFC-3274-A566-C3033BDC454F}.RelWithDebInfo|x64.Build.0 = RelWithDebInfo|x64
	EndGlobalSection
	GlobalSection(NestedProjects) = preSolution
		{0720749F-790A-366D-A26F-BEC7A81DC272} = {FE874C05-8DC8-37F3-8D94-246914ED8A34}
		{01C0F3DA-DEE9-31F7-B0A4-EB63818EC5A3} = {FE874C05-8DC8-37F3-8D94-246914ED8A34}
		{756294F2-CA4A-3020-80B3-FA74159FAF47} = {FE874C05-8DC8-37F3-8D94-246914ED8A34}
		{78E17862-8DC0-3BEB-AEB1-91F41D327D8A} = {FE874C05-8DC8-37F3-8D94-246914ED8A34}
	EndGlobalSection
	GlobalSection(ExtensibilityGlobals) = postSolution
		SolutionGuid = {966F5B19-5256-3F18-8360-4830E5C515EC}
	EndGlobalSection
	GlobalSection(ExtensibilityAddIns) = postSolution
	EndGlobalSection
EndGlobal
